{
  "originHash" : "8914bda47be1b19005969cf3a6da1340be32cd96d5b84bf3a7465d3ad9060002",
  "pins" : [
    {
      "identity" : "starscream",
      "kind" : "remoteSourceControl",
      "location" : "https://github.com/daltoniam/Starscream.git",
      "state" : {
        "branch" : "master",
        "revision" : "c6bfd1af48efcc9a9ad203665db12375ba6b145a"
      }
    },
    {
      "identity" : "tvcommanderkit",
      "kind" : "remoteSourceControl",
      "location" : "https://github.com/wdesimini/TVCommanderKit",
      "state" : {
        "branch" : "main",
        "revision" : "c92038583e58a4d3d1cba229b13dd39906519686"
      }
    },
    {
      "identity" : "tvdiscovery",
      "kind" : "remoteSourceControl",
      "location" : "https://github.com/reganomika/TVDiscovery",
      "state" : {
        "revision" : "e83f59562b087cb20b92b4c1b7cd57e74a6af141",
        "version" : "1.0.2"
      }
    }
  ],
  "version" : 3
}
