{
  "originHash" : "a3dcf745d8ab750c99e222ea3a68719cc4e4496bf414bfb1f4100b4e1b73112e",
  "pins" : [
    {
      "identity" : "starscream",
      "kind" : "remoteSourceControl",
      "location" : "https://github.com/daltoniam/Starscream.git",
      "state" : {
        "branch" : "master",
        "revision" : "c6bfd1af48efcc9a9ad203665db12375ba6b145a"
      }
    },
    {
      "identity" : "tvcommanderkit",
      "kind" : "remoteSourceControl",
      "location" : "https://github.com/wdesimini/TVCommanderKit",
      "state" : {
        "branch" : "main",
        "revision" : "c92038583e58a4d3d1cba229b13dd39906519686"
      }
    },
    {
      "identity" : "tvdiscovery",
      "kind" : "remoteSourceControl",
      "location" : "https://github.com/reganomika/TVDiscovery",
      "state" : {
        "branch" : "main",
        "revision" : "c823b35daff8fbc100f5c17daa1c19c5284572f3"
      }
    }
  ],
  "version" : 3
}
